
Microsoft Visual Studio Solution File, Format Version 12.00
Project("{FAE04EC0-301F-11D3-BF4B-00C04F79EFBC}") = "GameBoy", "GameBoy\GameBoy.csproj", "{EFC84F64-2E1B-4D1E-BB1E-0AA514C3B5F2}"
EndProject
Global
	GlobalSection(SolutionConfigurationPlatforms) = preSolution
		Debug|Any CPU = Debug|Any CPU
		Release|Any CPU = Release|Any CPU
	EndGlobalSection
	GlobalSection(ProjectConfigurationPlatforms) = postSolution
		{EFC84F64-2E1B-4D1E-BB1E-0AA514C3B5F2}.Debug|Any CPU.ActiveCfg = Debug|Any CPU
		{EFC84F64-2E1B-4D1E-BB1E-0AA514C3B5F2}.Debug|Any CPU.Build.0 = Debug|Any CPU
		{EFC84F64-2E1B-4D1E-BB1E-0AA514C3B5F2}.Release|Any CPU.ActiveCfg = Release|Any CPU
		{EFC84F64-2E1B-4D1E-BB1E-0AA514C3B5F2}.Release|Any CPU.Build.0 = Release|Any CPU
	EndGlobalSection
EndGlobal
